// !$*UTF8*$!
{
	archiveVersion = 1;
	classes = {
	};
	objectVersion = 56;
	objects = {

/* Begin PBXBuildFile section */
		BF5FB2EC2C69D7B400DB06BC /* RecommendCollectionViewCell.swift in Sources */ = {isa = PBXBuildFile; fileRef = BF5FB2EB2C69D7B400DB06BC /* RecommendCollectionViewCell.swift */; };
		BF5FB2EE2C69DFD000DB06BC /* RecommendAlbum.swift in Sources */ = {isa = PBXBuildFile; fileRef = BF5FB2ED2C69DFD000DB06BC /* RecommendAlbum.swift */; };
		BFA835122C65E82F00040F9E /* FullScreenImageViewController.swift in Sources */ = {isa = PBXBuildFile; fileRef = BFA835112C65E82F00040F9E /* FullScreenImageViewController.swift */; };
		BFA835152C65EB8600040F9E /* UIViewToVC+Extension.swift in Sources */ = {isa = PBXBuildFile; fileRef = BFA835142C65EB8600040F9E /* UIViewToVC+Extension.swift */; };
		BFA835172C67250E00040F9E /* DayPhotosView.swift in Sources */ = {isa = PBXBuildFile; fileRef = BFA835162C67250E00040F9E /* DayPhotosView.swift */; };
		BFA8351B2C672D1400040F9E /* PhotoViewModel.swift in Sources */ = {isa = PBXBuildFile; fileRef = BFA8351A2C672D1400040F9E /* PhotoViewModel.swift */; };
		BFA8351E2C672D5A00040F9E /* PhotoManager.swift in Sources */ = {isa = PBXBuildFile; fileRef = BFA8351D2C672D5A00040F9E /* PhotoManager.swift */; };
		BFA835202C672DFF00040F9E /* DateRange.swift in Sources */ = {isa = PBXBuildFile; fileRef = BFA8351F2C672DFF00040F9E /* DateRange.swift */; };
		BFA835232C67309600040F9E /* PreficateFormats.swift in Sources */ = {isa = PBXBuildFile; fileRef = BFA835222C67309600040F9E /* PreficateFormats.swift */; };
		BFA835252C6733B900040F9E /* PhotoManager+Extension.swift in Sources */ = {isa = PBXBuildFile; fileRef = BFA835242C6733B900040F9E /* PhotoManager+Extension.swift */; };
		BFA835272C6747BC00040F9E /* DayPhotosCollectionViewCell.swift in Sources */ = {isa = PBXBuildFile; fileRef = BFA835262C6747BC00040F9E /* DayPhotosCollectionViewCell.swift */; };
		BFA835292C67692100040F9E /* CommonHeaderView.swift in Sources */ = {isa = PBXBuildFile; fileRef = BFA835282C67692100040F9E /* CommonHeaderView.swift */; };
		BFB501932C623BEB008DA823 /* AppDelegate.swift in Sources */ = {isa = PBXBuildFile; fileRef = BFB501922C623BEB008DA823 /* AppDelegate.swift */; };
		BFB501952C623BEB008DA823 /* SceneDelegate.swift in Sources */ = {isa = PBXBuildFile; fileRef = BFB501942C623BEB008DA823 /* SceneDelegate.swift */; };
		BFB5019C2C623BEC008DA823 /* Assets.xcassets in Resources */ = {isa = PBXBuildFile; fileRef = BFB5019B2C623BEC008DA823 /* Assets.xcassets */; };
		BFB5019F2C623BEC008DA823 /* Base in Resources */ = {isa = PBXBuildFile; fileRef = BFB5019E2C623BEC008DA823 /* Base */; };
		BFB501AA2C623BEC008DA823 /* PhotosCloneTests.swift in Sources */ = {isa = PBXBuildFile; fileRef = BFB501A92C623BEC008DA823 /* PhotosCloneTests.swift */; };
		BFB501B42C623BEC008DA823 /* PhotosCloneUITests.swift in Sources */ = {isa = PBXBuildFile; fileRef = BFB501B32C623BEC008DA823 /* PhotosCloneUITests.swift */; };
		BFB501B62C623BEC008DA823 /* PhotosCloneUITestsLaunchTests.swift in Sources */ = {isa = PBXBuildFile; fileRef = BFB501B52C623BEC008DA823 /* PhotosCloneUITestsLaunchTests.swift */; };
		BFB501C82C62ED0A008DA823 /* PhotosTabBarController.swift in Sources */ = {isa = PBXBuildFile; fileRef = BFB501C72C62ED0A008DA823 /* PhotosTabBarController.swift */; };
		BFB501CB2C62EE38008DA823 /* UIView+Extension.swift in Sources */ = {isa = PBXBuildFile; fileRef = BFB501CA2C62EE38008DA823 /* UIView+Extension.swift */; };
		BFB501D12C62F16C008DA823 /* StorageViewController.swift in Sources */ = {isa = PBXBuildFile; fileRef = BFB501D02C62F16C008DA823 /* StorageViewController.swift */; };
		BFB501D32C62F22B008DA823 /* RecommendViewController.swift in Sources */ = {isa = PBXBuildFile; fileRef = BFB501D22C62F22B008DA823 /* RecommendViewController.swift */; };
		BFB501D52C62F241008DA823 /* AlbumViewController.swift in Sources */ = {isa = PBXBuildFile; fileRef = BFB501D42C62F241008DA823 /* AlbumViewController.swift */; };
		BFB501D72C62F258008DA823 /* SearchViewController.swift in Sources */ = {isa = PBXBuildFile; fileRef = BFB501D62C62F258008DA823 /* SearchViewController.swift */; };
		BFB501DB2C62FA9C008DA823 /* Images.swift in Sources */ = {isa = PBXBuildFile; fileRef = BFB501DA2C62FA9C008DA823 /* Images.swift */; };
		BFB501DD2C631347008DA823 /* AllPhotosView.swift in Sources */ = {isa = PBXBuildFile; fileRef = BFB501DC2C631347008DA823 /* AllPhotosView.swift */; };
		BFB501DF2C631FB1008DA823 /* AllPhotosCollectionViewCell.swift in Sources */ = {isa = PBXBuildFile; fileRef = BFB501DE2C631FB1008DA823 /* AllPhotosCollectionViewCell.swift */; };
/* End PBXBuildFile section */

/* Begin PBXContainerItemProxy section */
		BFB501A62C623BEC008DA823 /* PBXContainerItemProxy */ = {
			isa = PBXContainerItemProxy;
			containerPortal = BFB501872C623BEB008DA823 /* Project object */;
			proxyType = 1;
			remoteGlobalIDString = BFB5018E2C623BEB008DA823;
			remoteInfo = PhotosClone;
		};
		BFB501B02C623BEC008DA823 /* PBXContainerItemProxy */ = {
			isa = PBXContainerItemProxy;
			containerPortal = BFB501872C623BEB008DA823 /* Project object */;
			proxyType = 1;
			remoteGlobalIDString = BFB5018E2C623BEB008DA823;
			remoteInfo = PhotosClone;
		};
/* End PBXContainerItemProxy section */

/* Begin PBXFileReference section */
		BF5FB2EB2C69D7B400DB06BC /* RecommendCollectionViewCell.swift */ = {isa = PBXFileReference; lastKnownFileType = sourcecode.swift; path = RecommendCollectionViewCell.swift; sourceTree = "<group>"; };
		BF5FB2ED2C69DFD000DB06BC /* RecommendAlbum.swift */ = {isa = PBXFileReference; lastKnownFileType = sourcecode.swift; path = RecommendAlbum.swift; sourceTree = "<group>"; };
		BFA835112C65E82F00040F9E /* FullScreenImageViewController.swift */ = {isa = PBXFileReference; lastKnownFileType = sourcecode.swift; path = FullScreenImageViewController.swift; sourceTree = "<group>"; };
		BFA835142C65EB8600040F9E /* UIViewToVC+Extension.swift */ = {isa = PBXFileReference; lastKnownFileType = sourcecode.swift; path = "UIViewToVC+Extension.swift"; sourceTree = "<group>"; };
		BFA835162C67250E00040F9E /* DayPhotosView.swift */ = {isa = PBXFileReference; lastKnownFileType = sourcecode.swift; path = DayPhotosView.swift; sourceTree = "<group>"; };
		BFA8351A2C672D1400040F9E /* PhotoViewModel.swift */ = {isa = PBXFileReference; lastKnownFileType = sourcecode.swift; path = PhotoViewModel.swift; sourceTree = "<group>"; };
		BFA8351D2C672D5A00040F9E /* PhotoManager.swift */ = {isa = PBXFileReference; lastKnownFileType = sourcecode.swift; path = PhotoManager.swift; sourceTree = "<group>"; };
		BFA8351F2C672DFF00040F9E /* DateRange.swift */ = {isa = PBXFileReference; lastKnownFileType = sourcecode.swift; path = DateRange.swift; sourceTree = "<group>"; };
		BFA835222C67309600040F9E /* PreficateFormats.swift */ = {isa = PBXFileReference; lastKnownFileType = sourcecode.swift; path = PreficateFormats.swift; sourceTree = "<group>"; };
		BFA835242C6733B900040F9E /* PhotoManager+Extension.swift */ = {isa = PBXFileReference; lastKnownFileType = sourcecode.swift; path = "PhotoManager+Extension.swift"; sourceTree = "<group>"; };
		BFA835262C6747BC00040F9E /* DayPhotosCollectionViewCell.swift */ = {isa = PBXFileReference; lastKnownFileType = sourcecode.swift; path = DayPhotosCollectionViewCell.swift; sourceTree = "<group>"; };
		BFA835282C67692100040F9E /* CommonHeaderView.swift */ = {isa = PBXFileReference; lastKnownFileType = sourcecode.swift; path = CommonHeaderView.swift; sourceTree = "<group>"; };
		BFB5018F2C623BEB008DA823 /* PhotosClone.app */ = {isa = PBXFileReference; explicitFileType = wrapper.application; includeInIndex = 0; path = PhotosClone.app; sourceTree = BUILT_PRODUCTS_DIR; };
		BFB501922C623BEB008DA823 /* AppDelegate.swift */ = {isa = PBXFileReference; lastKnownFileType = sourcecode.swift; path = AppDelegate.swift; sourceTree = "<group>"; };
		BFB501942C623BEB008DA823 /* SceneDelegate.swift */ = {isa = PBXFileReference; lastKnownFileType = sourcecode.swift; path = SceneDelegate.swift; sourceTree = "<group>"; };
		BFB5019B2C623BEC008DA823 /* Assets.xcassets */ = {isa = PBXFileReference; lastKnownFileType = folder.assetcatalog; path = Assets.xcassets; sourceTree = "<group>"; };
		BFB5019E2C623BEC008DA823 /* Base */ = {isa = PBXFileReference; lastKnownFileType = file.storyboard; name = Base; path = Base.lproj/LaunchScreen.storyboard; sourceTree = "<group>"; };
		BFB501A02C623BEC008DA823 /* Info.plist */ = {isa = PBXFileReference; lastKnownFileType = text.plist.xml; path = Info.plist; sourceTree = "<group>"; };
		BFB501A52C623BEC008DA823 /* PhotosCloneTests.xctest */ = {isa = PBXFileReference; explicitFileType = wrapper.cfbundle; includeInIndex = 0; path = PhotosCloneTests.xctest; sourceTree = BUILT_PRODUCTS_DIR; };
		BFB501A92C623BEC008DA823 /* PhotosCloneTests.swift */ = {isa = PBXFileReference; lastKnownFileType = sourcecode.swift; path = PhotosCloneTests.swift; sourceTree = "<group>"; };
		BFB501AF2C623BEC008DA823 /* PhotosCloneUITests.xctest */ = {isa = PBXFileReference; explicitFileType = wrapper.cfbundle; includeInIndex = 0; path = PhotosCloneUITests.xctest; sourceTree = BUILT_PRODUCTS_DIR; };
		BFB501B32C623BEC008DA823 /* PhotosCloneUITests.swift */ = {isa = PBXFileReference; lastKnownFileType = sourcecode.swift; path = PhotosCloneUITests.swift; sourceTree = "<group>"; };
		BFB501B52C623BEC008DA823 /* PhotosCloneUITestsLaunchTests.swift */ = {isa = PBXFileReference; lastKnownFileType = sourcecode.swift; path = PhotosCloneUITestsLaunchTests.swift; sourceTree = "<group>"; };
		BFB501C72C62ED0A008DA823 /* PhotosTabBarController.swift */ = {isa = PBXFileReference; lastKnownFileType = sourcecode.swift; path = PhotosTabBarController.swift; sourceTree = "<group>"; };
		BFB501CA2C62EE38008DA823 /* UIView+Extension.swift */ = {isa = PBXFileReference; lastKnownFileType = sourcecode.swift; path = "UIView+Extension.swift"; sourceTree = "<group>"; };
		BFB501D02C62F16C008DA823 /* StorageViewController.swift */ = {isa = PBXFileReference; lastKnownFileType = sourcecode.swift; path = StorageViewController.swift; sourceTree = "<group>"; };
		BFB501D22C62F22B008DA823 /* RecommendViewController.swift */ = {isa = PBXFileReference; lastKnownFileType = sourcecode.swift; path = RecommendViewController.swift; sourceTree = "<group>"; };
		BFB501D42C62F241008DA823 /* AlbumViewController.swift */ = {isa = PBXFileReference; lastKnownFileType = sourcecode.swift; path = AlbumViewController.swift; sourceTree = "<group>"; };
		BFB501D62C62F258008DA823 /* SearchViewController.swift */ = {isa = PBXFileReference; lastKnownFileType = sourcecode.swift; path = SearchViewController.swift; sourceTree = "<group>"; };
		BFB501DA2C62FA9C008DA823 /* Images.swift */ = {isa = PBXFileReference; lastKnownFileType = sourcecode.swift; path = Images.swift; sourceTree = "<group>"; };
		BFB501DC2C631347008DA823 /* AllPhotosView.swift */ = {isa = PBXFileReference; lastKnownFileType = sourcecode.swift; path = AllPhotosView.swift; sourceTree = "<group>"; };
		BFB501DE2C631FB1008DA823 /* AllPhotosCollectionViewCell.swift */ = {isa = PBXFileReference; lastKnownFileType = sourcecode.swift; path = AllPhotosCollectionViewCell.swift; sourceTree = "<group>"; };
/* End PBXFileReference section */

/* Begin PBXFrameworksBuildPhase section */
		BFB5018C2C623BEB008DA823 /* Frameworks */ = {
			isa = PBXFrameworksBuildPhase;
			buildActionMask = 2147483647;
			files = (
			);
			runOnlyForDeploymentPostprocessing = 0;
		};
		BFB501A22C623BEC008DA823 /* Frameworks */ = {
			isa = PBXFrameworksBuildPhase;
			buildActionMask = 2147483647;
			files = (
			);
			runOnlyForDeploymentPostprocessing = 0;
		};
		BFB501AC2C623BEC008DA823 /* Frameworks */ = {
			isa = PBXFrameworksBuildPhase;
			buildActionMask = 2147483647;
			files = (
			);
			runOnlyForDeploymentPostprocessing = 0;
		};
/* End PBXFrameworksBuildPhase section */

/* Begin PBXGroup section */
		BFA835132C65EB7900040F9E /* Helpers */ = {
			isa = PBXGroup;
			children = (
			);
			path = Helpers;
			sourceTree = "<group>";
		};
		BFA835182C67251C00040F9E /* AllPhotos */ = {
			isa = PBXGroup;
			children = (
				BFB501DC2C631347008DA823 /* AllPhotosView.swift */,
				BFB501DE2C631FB1008DA823 /* AllPhotosCollectionViewCell.swift */,
			);
			path = AllPhotos;
			sourceTree = "<group>";
		};
		BFA835192C67252100040F9E /* DayPhotos */ = {
			isa = PBXGroup;
			children = (
				BFA835162C67250E00040F9E /* DayPhotosView.swift */,
				BFA835262C6747BC00040F9E /* DayPhotosCollectionViewCell.swift */,
				BFA835282C67692100040F9E /* CommonHeaderView.swift */,
			);
			path = DayPhotos;
			sourceTree = "<group>";
		};
		BFA8351C2C672D5200040F9E /* Manager */ = {
			isa = PBXGroup;
			children = (
				BFA8351D2C672D5A00040F9E /* PhotoManager.swift */,
			);
			path = Manager;
			sourceTree = "<group>";
		};
		BFA835212C67308B00040F9E /* Constants */ = {
			isa = PBXGroup;
			children = (
				BFA835222C67309600040F9E /* PreficateFormats.swift */,
			);
			path = Constants;
			sourceTree = "<group>";
		};
		BFB501862C623BEB008DA823 = {
			isa = PBXGroup;
			children = (
				BFB501912C623BEB008DA823 /* PhotosClone */,
				BFB501A82C623BEC008DA823 /* PhotosCloneTests */,
				BFB501B22C623BEC008DA823 /* PhotosCloneUITests */,
				BFB501902C623BEB008DA823 /* Products */,
			);
			sourceTree = "<group>";
		};
		BFB501902C623BEB008DA823 /* Products */ = {
			isa = PBXGroup;
			children = (
				BFB5018F2C623BEB008DA823 /* PhotosClone.app */,
				BFB501A52C623BEC008DA823 /* PhotosCloneTests.xctest */,
				BFB501AF2C623BEC008DA823 /* PhotosCloneUITests.xctest */,
			);
			name = Products;
			sourceTree = "<group>";
		};
		BFB501912C623BEB008DA823 /* PhotosClone */ = {
			isa = PBXGroup;
			children = (
				BFA8351C2C672D5200040F9E /* Manager */,
				BFB501A02C623BEC008DA823 /* Info.plist */,
				BFB501922C623BEB008DA823 /* AppDelegate.swift */,
				BFB501942C623BEB008DA823 /* SceneDelegate.swift */,
				BFB501C62C624175008DA823 /* Resource */,
				BFB501C52C62416C008DA823 /* Utils */,
				BFB501C42C624163008DA823 /* View */,
				BFB501C32C62415D008DA823 /* ViewModel */,
				BFB501C22C624158008DA823 /* Model */,
			);
			path = PhotosClone;
			sourceTree = "<group>";
		};
		BFB501A82C623BEC008DA823 /* PhotosCloneTests */ = {
			isa = PBXGroup;
			children = (
				BFB501A92C623BEC008DA823 /* PhotosCloneTests.swift */,
			);
			path = PhotosCloneTests;
			sourceTree = "<group>";
		};
		BFB501B22C623BEC008DA823 /* PhotosCloneUITests */ = {
			isa = PBXGroup;
			children = (
				BFB501B32C623BEC008DA823 /* PhotosCloneUITests.swift */,
				BFB501B52C623BEC008DA823 /* PhotosCloneUITestsLaunchTests.swift */,
			);
			path = PhotosCloneUITests;
			sourceTree = "<group>";
		};
		BFB501C22C624158008DA823 /* Model */ = {
			isa = PBXGroup;
			children = (
				BFA8351F2C672DFF00040F9E /* DateRange.swift */,
				BF5FB2ED2C69DFD000DB06BC /* RecommendAlbum.swift */,
			);
			path = Model;
			sourceTree = "<group>";
		};
		BFB501C32C62415D008DA823 /* ViewModel */ = {
			isa = PBXGroup;
			children = (
				BFA8351A2C672D1400040F9E /* PhotoViewModel.swift */,
			);
			path = ViewModel;
			sourceTree = "<group>";
		};
		BFB501C42C624163008DA823 /* View */ = {
			isa = PBXGroup;
			children = (
				BFB501C72C62ED0A008DA823 /* PhotosTabBarController.swift */,
				BFA835112C65E82F00040F9E /* FullScreenImageViewController.swift */,
				BFB501CC2C62F128008DA823 /* Storage */,
				BFB501CD2C62F139008DA823 /* Recommend */,
				BFB501CE2C62F14E008DA823 /* Album */,
				BFB501CF2C62F155008DA823 /* Search */,
			);
			path = View;
			sourceTree = "<group>";
		};
		BFB501C52C62416C008DA823 /* Utils */ = {
			isa = PBXGroup;
			children = (
				BFA835212C67308B00040F9E /* Constants */,
				BFA835132C65EB7900040F9E /* Helpers */,
				BFB501C92C62EE2E008DA823 /* Extensions */,
			);
			path = Utils;
			sourceTree = "<group>";
		};
		BFB501C62C624175008DA823 /* Resource */ = {
			isa = PBXGroup;
			children = (
				BFB501D92C62FA90008DA823 /* Assets */,
				BFB5019D2C623BEC008DA823 /* LaunchScreen.storyboard */,
				BFB5019B2C623BEC008DA823 /* Assets.xcassets */,
			);
			path = Resource;
			sourceTree = "<group>";
		};
		BFB501C92C62EE2E008DA823 /* Extensions */ = {
			isa = PBXGroup;
			children = (
				BFA835242C6733B900040F9E /* PhotoManager+Extension.swift */,
				BFB501CA2C62EE38008DA823 /* UIView+Extension.swift */,
				BFA835142C65EB8600040F9E /* UIViewToVC+Extension.swift */,
			);
			path = Extensions;
			sourceTree = "<group>";
		};
		BFB501CC2C62F128008DA823 /* Storage */ = {
			isa = PBXGroup;
			children = (
				BFB501D02C62F16C008DA823 /* StorageViewController.swift */,
				BFA835192C67252100040F9E /* DayPhotos */,
				BFA835182C67251C00040F9E /* AllPhotos */,
			);
			path = Storage;
			sourceTree = "<group>";
		};
		BFB501CD2C62F139008DA823 /* Recommend */ = {
			isa = PBXGroup;
			children = (
				BFB501D22C62F22B008DA823 /* RecommendViewController.swift */,
				BF5FB2EB2C69D7B400DB06BC /* RecommendCollectionViewCell.swift */,
			);
			path = Recommend;
			sourceTree = "<group>";
		};
		BFB501CE2C62F14E008DA823 /* Album */ = {
			isa = PBXGroup;
			children = (
				BFB501D42C62F241008DA823 /* AlbumViewController.swift */,
			);
			path = Album;
			sourceTree = "<group>";
		};
		BFB501CF2C62F155008DA823 /* Search */ = {
			isa = PBXGroup;
			children = (
				BFB501D62C62F258008DA823 /* SearchViewController.swift */,
			);
			path = Search;
			sourceTree = "<group>";
		};
		BFB501D92C62FA90008DA823 /* Assets */ = {
			isa = PBXGroup;
			children = (
				BFB501DA2C62FA9C008DA823 /* Images.swift */,
			);
			path = Assets;
			sourceTree = "<group>";
		};
/* End PBXGroup section */

/* Begin PBXNativeTarget section */
		BFB5018E2C623BEB008DA823 /* PhotosClone */ = {
			isa = PBXNativeTarget;
			buildConfigurationList = BFB501B92C623BEC008DA823 /* Build configuration list for PBXNativeTarget "PhotosClone" */;
			buildPhases = (
				BFB5018B2C623BEB008DA823 /* Sources */,
				BFB5018C2C623BEB008DA823 /* Frameworks */,
				BFB5018D2C623BEB008DA823 /* Resources */,
			);
			buildRules = (
			);
			dependencies = (
			);
			name = PhotosClone;
			productName = PhotosClone;
			productReference = BFB5018F2C623BEB008DA823 /* PhotosClone.app */;
			productType = "com.apple.product-type.application";
		};
		BFB501A42C623BEC008DA823 /* PhotosCloneTests */ = {
			isa = PBXNativeTarget;
			buildConfigurationList = BFB501BC2C623BEC008DA823 /* Build configuration list for PBXNativeTarget "PhotosCloneTests" */;
			buildPhases = (
				BFB501A12C623BEC008DA823 /* Sources */,
				BFB501A22C623BEC008DA823 /* Frameworks */,
				BFB501A32C623BEC008DA823 /* Resources */,
			);
			buildRules = (
			);
			dependencies = (
				BFB501A72C623BEC008DA823 /* PBXTargetDependency */,
			);
			name = PhotosCloneTests;
			productName = PhotosCloneTests;
			productReference = BFB501A52C623BEC008DA823 /* PhotosCloneTests.xctest */;
			productType = "com.apple.product-type.bundle.unit-test";
		};
		BFB501AE2C623BEC008DA823 /* PhotosCloneUITests */ = {
			isa = PBXNativeTarget;
			buildConfigurationList = BFB501BF2C623BEC008DA823 /* Build configuration list for PBXNativeTarget "PhotosCloneUITests" */;
			buildPhases = (
				BFB501AB2C623BEC008DA823 /* Sources */,
				BFB501AC2C623BEC008DA823 /* Frameworks */,
				BFB501AD2C623BEC008DA823 /* Resources */,
			);
			buildRules = (
			);
			dependencies = (
				BFB501B12C623BEC008DA823 /* PBXTargetDependency */,
			);
			name = PhotosCloneUITests;
			productName = PhotosCloneUITests;
			productReference = BFB501AF2C623BEC008DA823 /* PhotosCloneUITests.xctest */;
			productType = "com.apple.product-type.bundle.ui-testing";
		};
/* End PBXNativeTarget section */

/* Begin PBXProject section */
		BFB501872C623BEB008DA823 /* Project object */ = {
			isa = PBXProject;
			attributes = {
				BuildIndependentTargetsInParallel = 1;
				LastSwiftUpdateCheck = 1530;
				LastUpgradeCheck = 1530;
				TargetAttributes = {
					BFB5018E2C623BEB008DA823 = {
						CreatedOnToolsVersion = 15.3;
					};
					BFB501A42C623BEC008DA823 = {
						CreatedOnToolsVersion = 15.3;
						TestTargetID = BFB5018E2C623BEB008DA823;
					};
					BFB501AE2C623BEC008DA823 = {
						CreatedOnToolsVersion = 15.3;
						TestTargetID = BFB5018E2C623BEB008DA823;
					};
				};
			};
			buildConfigurationList = BFB5018A2C623BEB008DA823 /* Build configuration list for PBXProject "PhotosClone" */;
			compatibilityVersion = "Xcode 14.0";
			developmentRegion = en;
			hasScannedForEncodings = 0;
			knownRegions = (
				en,
				Base,
			);
			mainGroup = BFB501862C623BEB008DA823;
			productRefGroup = BFB501902C623BEB008DA823 /* Products */;
			projectDirPath = "";
			projectRoot = "";
			targets = (
				BFB5018E2C623BEB008DA823 /* PhotosClone */,
				BFB501A42C623BEC008DA823 /* PhotosCloneTests */,
				BFB501AE2C623BEC008DA823 /* PhotosCloneUITests */,
			);
		};
/* End PBXProject section */

/* Begin PBXResourcesBuildPhase section */
		BFB5018D2C623BEB008DA823 /* Resources */ = {
			isa = PBXResourcesBuildPhase;
			buildActionMask = 2147483647;
			files = (
				BFB5019C2C623BEC008DA823 /* Assets.xcassets in Resources */,
				BFB5019F2C623BEC008DA823 /* Base in Resources */,
			);
			runOnlyForDeploymentPostprocessing = 0;
		};
		BFB501A32C623BEC008DA823 /* Resources */ = {
			isa = PBXResourcesBuildPhase;
			buildActionMask = 2147483647;
			files = (
			);
			runOnlyForDeploymentPostprocessing = 0;
		};
		BFB501AD2C623BEC008DA823 /* Resources */ = {
			isa = PBXResourcesBuildPhase;
			buildActionMask = 2147483647;
			files = (
			);
			runOnlyForDeploymentPostprocessing = 0;
		};
/* End PBXResourcesBuildPhase section */

/* Begin PBXSourcesBuildPhase section */
		BFB5018B2C623BEB008DA823 /* Sources */ = {
			isa = PBXSourcesBuildPhase;
			buildActionMask = 2147483647;
			files = (
				BFB501C82C62ED0A008DA823 /* PhotosTabBarController.swift in Sources */,
				BF5FB2EE2C69DFD000DB06BC /* RecommendAlbum.swift in Sources */,
				BFB501D32C62F22B008DA823 /* RecommendViewController.swift in Sources */,
				BFA835232C67309600040F9E /* PreficateFormats.swift in Sources */,
				BFA8351E2C672D5A00040F9E /* PhotoManager.swift in Sources */,
				BFA835202C672DFF00040F9E /* DateRange.swift in Sources */,
				BFA835292C67692100040F9E /* CommonHeaderView.swift in Sources */,
				BFA835252C6733B900040F9E /* PhotoManager+Extension.swift in Sources */,
				BF5FB2EC2C69D7B400DB06BC /* RecommendCollectionViewCell.swift in Sources */,
				BFA835272C6747BC00040F9E /* DayPhotosCollectionViewCell.swift in Sources */,
				BFB501D72C62F258008DA823 /* SearchViewController.swift in Sources */,
				BFB501D12C62F16C008DA823 /* StorageViewController.swift in Sources */,
				BFA8351B2C672D1400040F9E /* PhotoViewModel.swift in Sources */,
				BFB501DF2C631FB1008DA823 /* AllPhotosCollectionViewCell.swift in Sources */,
				BFA835172C67250E00040F9E /* DayPhotosView.swift in Sources */,
				BFB501DB2C62FA9C008DA823 /* Images.swift in Sources */,
				BFA835152C65EB8600040F9E /* UIViewToVC+Extension.swift in Sources */,
				BFB501D52C62F241008DA823 /* AlbumViewController.swift in Sources */,
				BFB501932C623BEB008DA823 /* AppDelegate.swift in Sources */,
				BFB501DD2C631347008DA823 /* AllPhotosView.swift in Sources */,
				BFB501CB2C62EE38008DA823 /* UIView+Extension.swift in Sources */,
				BFB501952C623BEB008DA823 /* SceneDelegate.swift in Sources */,
				BFA835122C65E82F00040F9E /* FullScreenImageViewController.swift in Sources */,
			);
			runOnlyForDeploymentPostprocessing = 0;
		};
		BFB501A12C623BEC008DA823 /* Sources */ = {
			isa = PBXSourcesBuildPhase;
			buildActionMask = 2147483647;
			files = (
				BFB501AA2C623BEC008DA823 /* PhotosCloneTests.swift in Sources */,
			);
			runOnlyForDeploymentPostprocessing = 0;
		};
		BFB501AB2C623BEC008DA823 /* Sources */ = {
			isa = PBXSourcesBuildPhase;
			buildActionMask = 2147483647;
			files = (
				BFB501B42C623BEC008DA823 /* PhotosCloneUITests.swift in Sources */,
				BFB501B62C623BEC008DA823 /* PhotosCloneUITestsLaunchTests.swift in Sources */,
			);
			runOnlyForDeploymentPostprocessing = 0;
		};
/* End PBXSourcesBuildPhase section */

/* Begin PBXTargetDependency section */
		BFB501A72C623BEC008DA823 /* PBXTargetDependency */ = {
			isa = PBXTargetDependency;
			target = BFB5018E2C623BEB008DA823 /* PhotosClone */;
			targetProxy = BFB501A62C623BEC008DA823 /* PBXContainerItemProxy */;
		};
		BFB501B12C623BEC008DA823 /* PBXTargetDependency */ = {
			isa = PBXTargetDependency;
			target = BFB5018E2C623BEB008DA823 /* PhotosClone */;
			targetProxy = BFB501B02C623BEC008DA823 /* PBXContainerItemProxy */;
		};
/* End PBXTargetDependency section */

/* Begin PBXVariantGroup section */
		BFB5019D2C623BEC008DA823 /* LaunchScreen.storyboard */ = {
			isa = PBXVariantGroup;
			children = (
				BFB5019E2C623BEC008DA823 /* Base */,
			);
			name = LaunchScreen.storyboard;
			sourceTree = "<group>";
		};
/* End PBXVariantGroup section */

/* Begin XCBuildConfiguration section */
		BFB501B72C623BEC008DA823 /* Debug */ = {
			isa = XCBuildConfiguration;
			buildSettings = {
				ALWAYS_SEARCH_USER_PATHS = NO;
				ASSETCATALOG_COMPILER_GENERATE_SWIFT_ASSET_SYMBOL_EXTENSIONS = YES;
				CLANG_ANALYZER_NONNULL = YES;
				CLANG_ANALYZER_NUMBER_OBJECT_CONVERSION = YES_AGGRESSIVE;
				CLANG_CXX_LANGUAGE_STANDARD = "gnu++20";
				CLANG_ENABLE_MODULES = YES;
				CLANG_ENABLE_OBJC_ARC = YES;
				CLANG_ENABLE_OBJC_WEAK = YES;
				CLANG_WARN_BLOCK_CAPTURE_AUTORELEASING = YES;
				CLANG_WARN_BOOL_CONVERSION = YES;
				CLANG_WARN_COMMA = YES;
				CLANG_WARN_CONSTANT_CONVERSION = YES;
				CLANG_WARN_DEPRECATED_OBJC_IMPLEMENTATIONS = YES;
				CLANG_WARN_DIRECT_OBJC_ISA_USAGE = YES_ERROR;
				CLANG_WARN_DOCUMENTATION_COMMENTS = YES;
				CLANG_WARN_EMPTY_BODY = YES;
				CLANG_WARN_ENUM_CONVERSION = YES;
				CLANG_WARN_INFINITE_RECURSION = YES;
				CLANG_WARN_INT_CONVERSION = YES;
				CLANG_WARN_NON_LITERAL_NULL_CONVERSION = YES;
				CLANG_WARN_OBJC_IMPLICIT_RETAIN_SELF = YES;
				CLANG_WARN_OBJC_LITERAL_CONVERSION = YES;
				CLANG_WARN_OBJC_ROOT_CLASS = YES_ERROR;
				CLANG_WARN_QUOTED_INCLUDE_IN_FRAMEWORK_HEADER = YES;
				CLANG_WARN_RANGE_LOOP_ANALYSIS = YES;
				CLANG_WARN_STRICT_PROTOTYPES = YES;
				CLANG_WARN_SUSPICIOUS_MOVE = YES;
				CLANG_WARN_UNGUARDED_AVAILABILITY = YES_AGGRESSIVE;
				CLANG_WARN_UNREACHABLE_CODE = YES;
				CLANG_WARN__DUPLICATE_METHOD_MATCH = YES;
				COPY_PHASE_STRIP = NO;
				DEBUG_INFORMATION_FORMAT = dwarf;
				ENABLE_STRICT_OBJC_MSGSEND = YES;
				ENABLE_TESTABILITY = YES;
				ENABLE_USER_SCRIPT_SANDBOXING = YES;
				GCC_C_LANGUAGE_STANDARD = gnu17;
				GCC_DYNAMIC_NO_PIC = NO;
				GCC_NO_COMMON_BLOCKS = YES;
				GCC_OPTIMIZATION_LEVEL = 0;
				GCC_PREPROCESSOR_DEFINITIONS = (
					"DEBUG=1",
					"$(inherited)",
				);
				GCC_WARN_64_TO_32_BIT_CONVERSION = YES;
				GCC_WARN_ABOUT_RETURN_TYPE = YES_ERROR;
				GCC_WARN_UNDECLARED_SELECTOR = YES;
				GCC_WARN_UNINITIALIZED_AUTOS = YES_AGGRESSIVE;
				GCC_WARN_UNUSED_FUNCTION = YES;
				GCC_WARN_UNUSED_VARIABLE = YES;
				IPHONEOS_DEPLOYMENT_TARGET = 17.4;
				LOCALIZATION_PREFERS_STRING_CATALOGS = YES;
				MTL_ENABLE_DEBUG_INFO = INCLUDE_SOURCE;
				MTL_FAST_MATH = YES;
				ONLY_ACTIVE_ARCH = YES;
				SDKROOT = iphoneos;
				SWIFT_ACTIVE_COMPILATION_CONDITIONS = "DEBUG $(inherited)";
				SWIFT_OPTIMIZATION_LEVEL = "-Onone";
			};
			name = Debug;
		};
		BFB501B82C623BEC008DA823 /* Release */ = {
			isa = XCBuildConfiguration;
			buildSettings = {
				ALWAYS_SEARCH_USER_PATHS = NO;
				ASSETCATALOG_COMPILER_GENERATE_SWIFT_ASSET_SYMBOL_EXTENSIONS = YES;
				CLANG_ANALYZER_NONNULL = YES;
				CLANG_ANALYZER_NUMBER_OBJECT_CONVERSION = YES_AGGRESSIVE;
				CLANG_CXX_LANGUAGE_STANDARD = "gnu++20";
				CLANG_ENABLE_MODULES = YES;
				CLANG_ENABLE_OBJC_ARC = YES;
				CLANG_ENABLE_OBJC_WEAK = YES;
				CLANG_WARN_BLOCK_CAPTURE_AUTORELEASING = YES;
				CLANG_WARN_BOOL_CONVERSION = YES;
				CLANG_WARN_COMMA = YES;
				CLANG_WARN_CONSTANT_CONVERSION = YES;
				CLANG_WARN_DEPRECATED_OBJC_IMPLEMENTATIONS = YES;
				CLANG_WARN_DIRECT_OBJC_ISA_USAGE = YES_ERROR;
				CLANG_WARN_DOCUMENTATION_COMMENTS = YES;
				CLANG_WARN_EMPTY_BODY = YES;
				CLANG_WARN_ENUM_CONVERSION = YES;
				CLANG_WARN_INFINITE_RECURSION = YES;
				CLANG_WARN_INT_CONVERSION = YES;
				CLANG_WARN_NON_LITERAL_NULL_CONVERSION = YES;
				CLANG_WARN_OBJC_IMPLICIT_RETAIN_SELF = YES;
				CLANG_WARN_OBJC_LITERAL_CONVERSION = YES;
				CLANG_WARN_OBJC_ROOT_CLASS = YES_ERROR;
				CLANG_WARN_QUOTED_INCLUDE_IN_FRAMEWORK_HEADER = YES;
				CLANG_WARN_RANGE_LOOP_ANALYSIS = YES;
				CLANG_WARN_STRICT_PROTOTYPES = YES;
				CLANG_WARN_SUSPICIOUS_MOVE = YES;
				CLANG_WARN_UNGUARDED_AVAILABILITY = YES_AGGRESSIVE;
				CLANG_WARN_UNREACHABLE_CODE = YES;
				CLANG_WARN__DUPLICATE_METHOD_MATCH = YES;
				COPY_PHASE_STRIP = NO;
				DEBUG_INFORMATION_FORMAT = "dwarf-with-dsym";
				ENABLE_NS_ASSERTIONS = NO;
				ENABLE_STRICT_OBJC_MSGSEND = YES;
				ENABLE_USER_SCRIPT_SANDBOXING = YES;
				GCC_C_LANGUAGE_STANDARD = gnu17;
				GCC_NO_COMMON_BLOCKS = YES;
				GCC_WARN_64_TO_32_BIT_CONVERSION = YES;
				GCC_WARN_ABOUT_RETURN_TYPE = YES_ERROR;
				GCC_WARN_UNDECLARED_SELECTOR = YES;
				GCC_WARN_UNINITIALIZED_AUTOS = YES_AGGRESSIVE;
				GCC_WARN_UNUSED_FUNCTION = YES;
				GCC_WARN_UNUSED_VARIABLE = YES;
				IPHONEOS_DEPLOYMENT_TARGET = 17.4;
				LOCALIZATION_PREFERS_STRING_CATALOGS = YES;
				MTL_ENABLE_DEBUG_INFO = NO;
				MTL_FAST_MATH = YES;
				SDKROOT = iphoneos;
				SWIFT_COMPILATION_MODE = wholemodule;
				VALIDATE_PRODUCT = YES;
			};
			name = Release;
		};
		BFB501BA2C623BEC008DA823 /* Debug */ = {
			isa = XCBuildConfiguration;
			buildSettings = {
				ASSETCATALOG_COMPILER_APPICON_NAME = AppIcon;
				ASSETCATALOG_COMPILER_GLOBAL_ACCENT_COLOR_NAME = AccentColor;
				CODE_SIGN_STYLE = Automatic;
				CURRENT_PROJECT_VERSION = 1;
				DEVELOPMENT_TEAM = D9CAJN27UH;
				GENERATE_INFOPLIST_FILE = YES;
				INFOPLIST_FILE = PhotosClone/Info.plist;
				INFOPLIST_KEY_UIApplicationSupportsIndirectInputEvents = YES;
				INFOPLIST_KEY_UILaunchStoryboardName = LaunchScreen;
				INFOPLIST_KEY_UISupportedInterfaceOrientations_iPad = "UIInterfaceOrientationPortrait UIInterfaceOrientationPortraitUpsideDown UIInterfaceOrientationLandscapeLeft UIInterfaceOrientationLandscapeRight";
				INFOPLIST_KEY_UISupportedInterfaceOrientations_iPhone = "UIInterfaceOrientationPortrait UIInterfaceOrientationLandscapeLeft UIInterfaceOrientationLandscapeRight";
				IPHONEOS_DEPLOYMENT_TARGET = 14.0;
				LD_RUNPATH_SEARCH_PATHS = (
					"$(inherited)",
					"@executable_path/Frameworks",
				);
				MARKETING_VERSION = 1.0;
				PRODUCT_BUNDLE_IDENTIFIER = lena.PhotosClone;
				PRODUCT_NAME = "$(TARGET_NAME)";
				SUPPORTED_PLATFORMS = "iphoneos iphonesimulator";
				SUPPORTS_MACCATALYST = NO;
				SUPPORTS_XR_DESIGNED_FOR_IPHONE_IPAD = NO;
				SWIFT_EMIT_LOC_STRINGS = YES;
				SWIFT_VERSION = 5.0;
				TARGETED_DEVICE_FAMILY = "1,2";
			};
			name = Debug;
		};
		BFB501BB2C623BEC008DA823 /* Release */ = {
			isa = XCBuildConfiguration;
			buildSettings = {
				ASSETCATALOG_COMPILER_APPICON_NAME = AppIcon;
				ASSETCATALOG_COMPILER_GLOBAL_ACCENT_COLOR_NAME = AccentColor;
				CODE_SIGN_STYLE = Automatic;
				CURRENT_PROJECT_VERSION = 1;
				DEVELOPMENT_TEAM = D9CAJN27UH;
				GENERATE_INFOPLIST_FILE = YES;
				INFOPLIST_FILE = PhotosClone/Info.plist;
				INFOPLIST_KEY_UIApplicationSupportsIndirectInputEvents = YES;
				INFOPLIST_KEY_UILaunchStoryboardName = LaunchScreen;
				INFOPLIST_KEY_UISupportedInterfaceOrientations_iPad = "UIInterfaceOrientationPortrait UIInterfaceOrientationPortraitUpsideDown UIInterfaceOrientationLandscapeLeft UIInterfaceOrientationLandscapeRight";
				INFOPLIST_KEY_UISupportedInterfaceOrientations_iPhone = "UIInterfaceOrientationPortrait UIInterfaceOrientationLandscapeLeft UIInterfaceOrientationLandscapeRight";
				IPHONEOS_DEPLOYMENT_TARGET = 14.0;
				LD_RUNPATH_SEARCH_PATHS = (
					"$(inherited)",
					"@executable_path/Frameworks",
				);
				MARKETING_VERSION = 1.0;
				PRODUCT_BUNDLE_IDENTIFIER = lena.PhotosClone;
				PRODUCT_NAME = "$(TARGET_NAME)";
				SUPPORTED_PLATFORMS = "iphoneos iphonesimulator";
				SUPPORTS_MACCATALYST = NO;
				SUPPORTS_XR_DESIGNED_FOR_IPHONE_IPAD = NO;
				SWIFT_EMIT_LOC_STRINGS = YES;
				SWIFT_VERSION = 5.0;
				TARGETED_DEVICE_FAMILY = "1,2";
			};
			name = Release;
		};
		BFB501BD2C623BEC008DA823 /* Debug */ = {
			isa = XCBuildConfiguration;
			buildSettings = {
				ALWAYS_EMBED_SWIFT_STANDARD_LIBRARIES = YES;
				BUNDLE_LOADER = "$(TEST_HOST)";
				CODE_SIGN_STYLE = Automatic;
				CURRENT_PROJECT_VERSION = 1;
				DEVELOPMENT_TEAM = D9CAJN27UH;
				GENERATE_INFOPLIST_FILE = YES;
				IPHONEOS_DEPLOYMENT_TARGET = 17.4;
				MARKETING_VERSION = 1.0;
				PRODUCT_BUNDLE_IDENTIFIER = lena.PhotosCloneTests;
				PRODUCT_NAME = "$(TARGET_NAME)";
				SWIFT_EMIT_LOC_STRINGS = NO;
				SWIFT_VERSION = 5.0;
				TARGETED_DEVICE_FAMILY = "1,2";
				TEST_HOST = "$(BUILT_PRODUCTS_DIR)/PhotosClone.app/$(BUNDLE_EXECUTABLE_FOLDER_PATH)/PhotosClone";
			};
			name = Debug;
		};
		BFB501BE2C623BEC008DA823 /* Release */ = {
			isa = XCBuildConfiguration;
			buildSettings = {
				ALWAYS_EMBED_SWIFT_STANDARD_LIBRARIES = YES;
				BUNDLE_LOADER = "$(TEST_HOST)";
				CODE_SIGN_STYLE = Automatic;
				CURRENT_PROJECT_VERSION = 1;
				DEVELOPMENT_TEAM = D9CAJN27UH;
				GENERATE_INFOPLIST_FILE = YES;
				IPHONEOS_DEPLOYMENT_TARGET = 17.4;
				MARKETING_VERSION = 1.0;
				PRODUCT_BUNDLE_IDENTIFIER = lena.PhotosCloneTests;
				PRODUCT_NAME = "$(TARGET_NAME)";
				SWIFT_EMIT_LOC_STRINGS = NO;
				SWIFT_VERSION = 5.0;
				TARGETED_DEVICE_FAMILY = "1,2";
				TEST_HOST = "$(BUILT_PRODUCTS_DIR)/PhotosClone.app/$(BUNDLE_EXECUTABLE_FOLDER_PATH)/PhotosClone";
			};
			name = Release;
		};
		BFB501C02C623BEC008DA823 /* Debug */ = {
			isa = XCBuildConfiguration;
			buildSettings = {
				ALWAYS_EMBED_SWIFT_STANDARD_LIBRARIES = YES;
				CODE_SIGN_STYLE = Automatic;
				CURRENT_PROJECT_VERSION = 1;
				DEVELOPMENT_TEAM = D9CAJN27UH;
				GENERATE_INFOPLIST_FILE = YES;
				MARKETING_VERSION = 1.0;
				PRODUCT_BUNDLE_IDENTIFIER = lena.PhotosCloneUITests;
				PRODUCT_NAME = "$(TARGET_NAME)";
				SWIFT_EMIT_LOC_STRINGS = NO;
				SWIFT_VERSION = 5.0;
				TARGETED_DEVICE_FAMILY = "1,2";
				TEST_TARGET_NAME = PhotosClone;
			};
			name = Debug;
		};
		BFB501C12C623BEC008DA823 /* Release */ = {
			isa = XCBuildConfiguration;
			buildSettings = {
				ALWAYS_EMBED_SWIFT_STANDARD_LIBRARIES = YES;
				CODE_SIGN_STYLE = Automatic;
				CURRENT_PROJECT_VERSION = 1;
				DEVELOPMENT_TEAM = D9CAJN27UH;
				GENERATE_INFOPLIST_FILE = YES;
				MARKETING_VERSION = 1.0;
				PRODUCT_BUNDLE_IDENTIFIER = lena.PhotosCloneUITests;
				PRODUCT_NAME = "$(TARGET_NAME)";
				SWIFT_EMIT_LOC_STRINGS = NO;
				SWIFT_VERSION = 5.0;
				TARGETED_DEVICE_FAMILY = "1,2";
				TEST_TARGET_NAME = PhotosClone;
			};
			name = Release;
		};
/* End XCBuildConfiguration section */

/* Begin XCConfigurationList section */
		BFB5018A2C623BEB008DA823 /* Build configuration list for PBXProject "PhotosClone" */ = {
			isa = XCConfigurationList;
			buildConfigurations = (
				BFB501B72C623BEC008DA823 /* Debug */,
				BFB501B82C623BEC008DA823 /* Release */,
			);
			defaultConfigurationIsVisible = 0;
			defaultConfigurationName = Release;
		};
		BFB501B92C623BEC008DA823 /* Build configuration list for PBXNativeTarget "PhotosClone" */ = {
			isa = XCConfigurationList;
			buildConfigurations = (
				BFB501BA2C623BEC008DA823 /* Debug */,
				BFB501BB2C623BEC008DA823 /* Release */,
			);
			defaultConfigurationIsVisible = 0;
			defaultConfigurationName = Release;
		};
		BFB501BC2C623BEC008DA823 /* Build configuration list for PBXNativeTarget "PhotosCloneTests" */ = {
			isa = XCConfigurationList;
			buildConfigurations = (
				BFB501BD2C623BEC008DA823 /* Debug */,
				BFB501BE2C623BEC008DA823 /* Release */,
			);
			defaultConfigurationIsVisible = 0;
			defaultConfigurationName = Release;
		};
		BFB501BF2C623BEC008DA823 /* Build configuration list for PBXNativeTarget "PhotosCloneUITests" */ = {
			isa = XCConfigurationList;
			buildConfigurations = (
				BFB501C02C623BEC008DA823 /* Debug */,
				BFB501C12C623BEC008DA823 /* Release */,
			);
			defaultConfigurationIsVisible = 0;
			defaultConfigurationName = Release;
		};
/* End XCConfigurationList section */
	};
	rootObject = BFB501872C623BEB008DA823 /* Project object */;
}
